
Microsoft Visual Studio Solution File, Format Version 12.00
# Visual Studio Version 17
VisualStudioVersion = 17.7.34009.444
MinimumVisualStudioVersion = 10.0.40219.1
Project("{9A19103F-16F7-4668-BE54-9A1E7A4F7556}") = "NZWalks.API", "NZWalks.API\NZWalks.API.csproj", "{CFC07ACD-105D-453A-9CBD-456DC324FD30}"
EndProject
Project("{FAE04EC0-301F-11D3-BF4B-00C04F79EFBC}") = "NZWalks.UI", "NZWalks.UI\NZWalks.UI.csproj", "{373E9C03-C852-4329-B5C5-BD803FD2D687}"
EndProject
Global
	GlobalSection(SolutionConfigurationPlatforms) = preSolution
		Debug|Any CPU = Debug|Any CPU
		Release|Any CPU = Release|Any CPU
	EndGlobalSection
	GlobalSection(ProjectConfigurationPlatforms) = postSolution
		{CFC07ACD-105D-453A-9CBD-456DC324FD30}.Debug|Any CPU.ActiveCfg = Debug|Any CPU
		{CFC07ACD-105D-453A-9CBD-456DC324FD30}.Debug|Any CPU.Build.0 = Debug|Any CPU
		{CFC07ACD-105D-453A-9CBD-456DC324FD30}.Release|Any CPU.ActiveCfg = Release|Any CPU
		{CFC07ACD-105D-453A-9CBD-456DC324FD30}.Release|Any CPU.Build.0 = Release|Any CPU
		{373E9C03-C852-4329-B5C5-BD803FD2D687}.Debug|Any CPU.ActiveCfg = Debug|Any CPU
		{373E9C03-C852-4329-B5C5-BD803FD2D687}.Debug|Any CPU.Build.0 = Debug|Any CPU
		{373E9C03-C852-4329-B5C5-BD803FD2D687}.Release|Any CPU.ActiveCfg = Release|Any CPU
		{373E9C03-C852-4329-B5C5-BD803FD2D687}.Release|Any CPU.Build.0 = Release|Any CPU
	EndGlobalSection
	GlobalSection(SolutionProperties) = preSolution
		HideSolutionNode = FALSE
	EndGlobalSection
	GlobalSection(ExtensibilityGlobals) = postSolution
		SolutionGuid = {0C99E949-CC92-4247-8CBB-89D2EA045703}
	EndGlobalSection
EndGlobal
